
Microsoft Visual Studio Solution File, Format Version 12.00
# Visual Studio Version 17
VisualStudioVersion = 17.1.32210.238
MinimumVisualStudioVersion = 10.0.40219.1
Project("{FAE04EC0-301F-11D3-BF4B-00C04F79EFBC}") = "SpargoPharmaetheuticalTestProject", "SpargoPharmaetheuticalTestProject\SpargoPharmaetheuticalTestProject.csproj", "{ACE7569B-7473-449D-9E3E-32830823220A}"
EndProject
Project("{FAE04EC0-301F-11D3-BF4B-00C04F79EFBC}") = "Spargo.Entities", "Spargo.Entities\Spargo.Entities.csproj", "{2B24A5C8-8ED4-4BA6-849C-EA6352927CD7}"
EndProject
Project("{FAE04EC0-301F-11D3-BF4B-00C04F79EFBC}") = "Spargo.DAO.Interfaces", "Spargo.DAO.Interfaces\Spargo.DAO.Interfaces.csproj", "{C4C341DD-BD6B-4971-B822-D766696A2CAC}"
EndProject
Project("{FAE04EC0-301F-11D3-BF4B-00C04F79EFBC}") = "Spargo.DAO", "Spargo.DAO\Spargo.DAO.csproj", "{C1E93988-B3B5-4874-B499-A57EA653DD45}"
EndProject
Project("{FAE04EC0-301F-11D3-BF4B-00C04F79EFBC}") = "Spargo.BLL.Interfaces", "Spargo.BLL.Interfaces\Spargo.BLL.Interfaces.csproj", "{C22E36EE-6A6E-409E-9A56-A1782B6BA3C6}"
EndProject
Project("{FAE04EC0-301F-11D3-BF4B-00C04F79EFBC}") = "Spargo.BLL.Services", "Spargo.BLL.Services\Spargo.BLL.Services.csproj", "{7340E7F9-6221-462F-8469-AAF7F5EA557F}"
EndProject
Global
	GlobalSection(SolutionConfigurationPlatforms) = preSolution
		Debug|Any CPU = Debug|Any CPU
		Release|Any CPU = Release|Any CPU
	EndGlobalSection
	GlobalSection(ProjectConfigurationPlatforms) = postSolution
		{ACE7569B-7473-449D-9E3E-32830823220A}.Debug|Any CPU.ActiveCfg = Debug|Any CPU
		{ACE7569B-7473-449D-9E3E-32830823220A}.Debug|Any CPU.Build.0 = Debug|Any CPU
		{ACE7569B-7473-449D-9E3E-32830823220A}.Release|Any CPU.ActiveCfg = Release|Any CPU
		{ACE7569B-7473-449D-9E3E-32830823220A}.Release|Any CPU.Build.0 = Release|Any CPU
		{2B24A5C8-8ED4-4BA6-849C-EA6352927CD7}.Debug|Any CPU.ActiveCfg = Debug|Any CPU
		{2B24A5C8-8ED4-4BA6-849C-EA6352927CD7}.Debug|Any CPU.Build.0 = Debug|Any CPU
		{2B24A5C8-8ED4-4BA6-849C-EA6352927CD7}.Release|Any CPU.ActiveCfg = Release|Any CPU
		{2B24A5C8-8ED4-4BA6-849C-EA6352927CD7}.Release|Any CPU.Build.0 = Release|Any CPU
		{C4C341DD-BD6B-4971-B822-D766696A2CAC}.Debug|Any CPU.ActiveCfg = Debug|Any CPU
		{C4C341DD-BD6B-4971-B822-D766696A2CAC}.Debug|Any CPU.Build.0 = Debug|Any CPU
		{C4C341DD-BD6B-4971-B822-D766696A2CAC}.Release|Any CPU.ActiveCfg = Release|Any CPU
		{C4C341DD-BD6B-4971-B822-D766696A2CAC}.Release|Any CPU.Build.0 = Release|Any CPU
		{C1E93988-B3B5-4874-B499-A57EA653DD45}.Debug|Any CPU.ActiveCfg = Debug|Any CPU
		{C1E93988-B3B5-4874-B499-A57EA653DD45}.Debug|Any CPU.Build.0 = Debug|Any CPU
		{C1E93988-B3B5-4874-B499-A57EA653DD45}.Release|Any CPU.ActiveCfg = Release|Any CPU
		{C1E93988-B3B5-4874-B499-A57EA653DD45}.Release|Any CPU.Build.0 = Release|Any CPU
		{C22E36EE-6A6E-409E-9A56-A1782B6BA3C6}.Debug|Any CPU.ActiveCfg = Debug|Any CPU
		{C22E36EE-6A6E-409E-9A56-A1782B6BA3C6}.Debug|Any CPU.Build.0 = Debug|Any CPU
		{C22E36EE-6A6E-409E-9A56-A1782B6BA3C6}.Release|Any CPU.ActiveCfg = Release|Any CPU
		{C22E36EE-6A6E-409E-9A56-A1782B6BA3C6}.Release|Any CPU.Build.0 = Release|Any CPU
		{7340E7F9-6221-462F-8469-AAF7F5EA557F}.Debug|Any CPU.ActiveCfg = Debug|Any CPU
		{7340E7F9-6221-462F-8469-AAF7F5EA557F}.Debug|Any CPU.Build.0 = Debug|Any CPU
		{7340E7F9-6221-462F-8469-AAF7F5EA557F}.Release|Any CPU.ActiveCfg = Release|Any CPU
		{7340E7F9-6221-462F-8469-AAF7F5EA557F}.Release|Any CPU.Build.0 = Release|Any CPU
	EndGlobalSection
	GlobalSection(SolutionProperties) = preSolution
		HideSolutionNode = FALSE
	EndGlobalSection
	GlobalSection(ExtensibilityGlobals) = postSolution
		SolutionGuid = {C4A516D6-B41E-448F-92C0-03C8BC81585B}
	EndGlobalSection
EndGlobal
